
Microsoft Visual Studio Solution File, Format Version 11.00
# Visual C# Express 2010
Project("{FAE04EC0-301F-11D3-BF4B-00C04F79EFBC}") = "TW", "TW\TW\TW.csproj", "{F52C7890-842D-4FB1-BE82-9434CE889B71}"
EndProject
Project("{96E2B04D-8817-42C6-938A-82C39BA4D311}") = "TWContent", "TW\TWContent\TWContent.contentproj", "{E65EAD5A-6351-411F-8BCA-E815CC7CB024}"
EndProject
Global
	GlobalSection(SolutionConfigurationPlatforms) = preSolution
		Debug|x86 = Debug|x86
		Release|x86 = Release|x86
	EndGlobalSection
	GlobalSection(ProjectConfigurationPlatforms) = postSolution
		{F52C7890-842D-4FB1-BE82-9434CE889B71}.Debug|x86.ActiveCfg = Debug|x86
		{F52C7890-842D-4FB1-BE82-9434CE889B71}.Debug|x86.Build.0 = Debug|x86
		{F52C7890-842D-4FB1-BE82-9434CE889B71}.Release|x86.ActiveCfg = Release|x86
		{F52C7890-842D-4FB1-BE82-9434CE889B71}.Release|x86.Build.0 = Release|x86
		{E65EAD5A-6351-411F-8BCA-E815CC7CB024}.Debug|x86.ActiveCfg = Debug|x86
		{E65EAD5A-6351-411F-8BCA-E815CC7CB024}.Release|x86.ActiveCfg = Release|x86
	EndGlobalSection
	GlobalSection(SolutionProperties) = preSolution
		HideSolutionNode = FALSE
	EndGlobalSection
EndGlobal
